{
  "name": "speedosonic",
  "lockfileVersion": 3,
  "requires": true,
  "packages": {
    "": {
      "dependencies": {
        "bcryptjs": "^2.4.3",
        "cookie": "^0.6.0",
        "cookie-parser": "^1.4.6",
        "cookieparser": "^0.1.0",
        "date-fns": "^3.6.0",
        "parser": "^0.1.4"
      }
    },
    "node_modules/bcryptjs": {
      "version": "2.4.3",
      "resolved": "https://registry.npmjs.org/bcryptjs/-/bcryptjs-2.4.3.tgz",
      "integrity": "sha512-V/Hy/X9Vt7f3BbPJEi8BdVFMByHi+jNXrYkW3huaybV/kQ0KJg0Y6PkEMbn+zeT+i+SiKZ/HMqJGIIt4LZDqNQ=="
    },
    "node_modules/cookie": {
      "version": "0.6.0",
      "resolved": "https://registry.npmjs.org/cookie/-/cookie-0.6.0.tgz",
      "integrity": "sha512-U71cyTamuh1CRNCfpGY6to28lxvNwPG4Guz/EVjgf3Jmzv0vlDp1atT9eS5dDjMYHucpHbWns6Lwf3BKz6svdw==",
      "engines": {
        "node": ">= 0.6"
      }
    },
    "node_modules/cookie-parser": {
      "version": "1.4.6",
      "resolved": "https://registry.npmjs.org/cookie-parser/-/cookie-parser-1.4.6.tgz",
      "integrity": "sha512-z3IzaNjdwUC2olLIB5/ITd0/setiaFMLYiZJle7xg5Fe9KWAceil7xszYfHHBtDFYLSgJduS2Ty0P1uJdPDJeA==",
      "dependencies": {
        "cookie": "0.4.1",
        "cookie-signature": "1.0.6"
      },
      "engines": {
        "node": ">= 0.8.0"
      }
    },
    "node_modules/cookie-parser/node_modules/cookie": {
      "version": "0.4.1",
      "resolved": "https://registry.npmjs.org/cookie/-/cookie-0.4.1.tgz",
      "integrity": "sha512-ZwrFkGJxUR3EIoXtO+yVE69Eb7KlixbaeAWfBQB9vVsNn/o+Yw69gBWSSDK825hQNdN+wF8zELf3dFNl/kxkUA==",
      "engines": {
        "node": ">= 0.6"
      }
    },
    "node_modules/cookie-signature": {
      "version": "1.0.6",
      "resolved": "https://registry.npmjs.org/cookie-signature/-/cookie-signature-1.0.6.tgz",
      "integrity": "sha512-QADzlaHc8icV8I7vbaJXJwod9HWYp8uCqf1xa4OfNu1T7JVxQIrUgOWtHdNDtPiywmFbiS12VjotIXLrKM3orQ=="
    },
    "node_modules/cookieparser": {
      "version": "0.1.0",
      "resolved": "https://registry.npmjs.org/cookieparser/-/cookieparser-0.1.0.tgz",
      "integrity": "sha512-+eHibHast+i+CEoFMQ7y9e4l/SBdWTHhWH6yidaPCYW2S/PmxRfbT1fAle/5WvbzQ6u092qX8XvfmICNtVestQ=="
    },
    "node_modules/date-fns": {
      "version": "3.6.0",
      "resolved": "https://registry.npmjs.org/date-fns/-/date-fns-3.6.0.tgz",
      "integrity": "sha512-fRHTG8g/Gif+kSh50gaGEdToemgfj74aRX3swtiouboip5JDLAyDE9F11nHMIcvOaXeOC6D7SpNhi7uFyB7Uww==",
      "funding": {
        "type": "github",
        "url": "https://github.com/sponsors/kossnocorp"
      }
    },
    "node_modules/disect": {
      "version": "1.1.1",
      "resolved": "https://registry.npmjs.org/disect/-/disect-1.1.1.tgz",
      "integrity": "sha512-rr2Ym8FSAoqAJ1KfpUiQ/Io01HP0LZPHBuppbFsHozmSNf+YwrvyD5pm5tMTUApJFNwD7HeWJ5DGldSugScukA=="
    },
    "node_modules/parser": {
      "version": "0.1.4",
      "resolved": "https://registry.npmjs.org/parser/-/parser-0.1.4.tgz",
      "integrity": "sha512-f6EM/mBtPzmIh96MpcbePfhkBOYRmLYWuOukJqMysMlvjp4s2MQSSQnFEekd9GV4JGTnDJ2uFt3Ztcqc9wCMJg==",
      "dependencies": {
        "tokenizer": "*"
      },
      "engines": {
        "node": "0.4-0.9"
      }
    },
    "node_modules/tokenizer": {
      "version": "1.1.2",
      "resolved": "https://registry.npmjs.org/tokenizer/-/tokenizer-1.1.2.tgz",
      "integrity": "sha512-c/EYsBwEW/EX28q44UaSrJ9o5M2aI+N/xdJJ4Zl7dNq76OmWQHhmXH0T8DJQNjVYPc7NclV2CZQfyeUMfnEu/A==",
      "dependencies": {
        "disect": "~1.1.0"
      },
      "engines": {
        "node": "0.10.x"
      }
    }
  }
}
